<?xml version="1.0" encoding="utf-8"?>
<Project ToolsVersion="4.0" xmlns="http://schemas.microsoft.com/developer/msbuild/2003">
  <ItemGroup>
    <Filter Include="源文件">
      <UniqueIdentifier>{4FC737F1-C7A5-4376-A066-2A32D752A2FF}</UniqueIdentifier>
      <Extensions>cpp;c;cc;cxx;def;odl;idl;hpj;bat;asm;asmx</Extensions>
    </Filter>
    <Filter Include="资源文件">
      <UniqueIdentifier>{67DA6AB6-F800-4c08-8B7A-83BB121AAD01}</UniqueIdentifier>
      <Extensions>rc;ico;cur;bmp;dlg;rc2;rct;bin;rgs;gif;jpg;jpeg;jpe;resx;tiff;tif;png;wav;mfcribbon-ms</Extensions>
    </Filter>
    <Filter Include="头文件">
      <UniqueIdentifier>{4979cf6b-e6a1-4e40-923a-2546f455d77a}</UniqueIdentifier>
    </Filter>
  </ItemGroup>
  <ItemGroup>
    <Text Include="ReadMe.txt" />
  </ItemGroup>
  <ItemGroup>
    <ClCompile Include="stdafx.cpp">
      <Filter>源文件</Filter>
    </ClCompile>
    <ClCompile Include="LeetCode.cpp">
      <Filter>源文件</Filter>
    </ClCompile>
  </ItemGroup>
  <ItemGroup>
    <ClInclude Include="resource.h" />
    <ClInclude Include="Searcha2DMatrixII.h">
      <Filter>头文件</Filter>
    </ClInclude>
    <ClInclude Include="LowestCommonAncestorofaBinaryTree.h">
      <Filter>头文件</Filter>
    </ClInclude>
    <ClInclude Include="LongestPalindromicSubstring.h">
      <Filter>头文件</Filter>
    </ClInclude>
    <ClInclude Include="KthSmallestElementinaBST.h">
      <Filter>头文件</Filter>
    </ClInclude>
    <ClInclude Include="FindPeakElement.h">
      <Filter>头文件</Filter>
    </ClInclude>
    <ClInclude Include="DivideTwoIntegers.h">
      <Filter>头文件</Filter>
    </ClInclude>
    <ClInclude Include="ContainerWithMostWater.h">
      <Filter>头文件</Filter>
    </ClInclude>
    <ClInclude Include="AddBinary.h">
      <Filter>头文件</Filter>
    </ClInclude>
    <ClInclude Include="BalancedBinaryTree.h">
      <Filter>头文件</Filter>
    </ClInclude>
    <ClInclude Include="BinaryTreeInorderTraversal.h">
      <Filter>头文件</Filter>
    </ClInclude>
    <ClInclude Include="BinaryTreeLevelOrderTraversal.h">
      <Filter>头文件</Filter>
    </ClInclude>
    <ClInclude Include="BinaryTreeLevelOrderTraversalII.h">
      <Filter>头文件</Filter>
    </ClInclude>
    <ClInclude Include="BinaryTreePreorderTraversal.h">
      <Filter>头文件</Filter>
    </ClInclude>
    <ClInclude Include="ClimbingStairs.h">
      <Filter>头文件</Filter>
    </ClInclude>
    <ClInclude Include="CompareVersionNumbers.h">
      <Filter>头文件</Filter>
    </ClInclude>
    <ClInclude Include="ContainsDuplicate.h">
      <Filter>头文件</Filter>
    </ClInclude>
    <ClInclude Include="ContainsDuplicateII.h">
      <Filter>头文件</Filter>
    </ClInclude>
    <ClInclude Include="ConvertSortedArraytoBinarySearchTree.h">
      <Filter>头文件</Filter>
    </ClInclude>
    <ClInclude Include="ConvertSortedListtoBinarySearchTree.h">
      <Filter>头文件</Filter>
    </ClInclude>
    <ClInclude Include="CountandSay.h">
      <Filter>头文件</Filter>
    </ClInclude>
    <ClInclude Include="CountPrimes.h">
      <Filter>头文件</Filter>
    </ClInclude>
    <ClInclude Include="DeleteNodeinaLinked.h">
      <Filter>头文件</Filter>
    </ClInclude>
    <ClInclude Include="ExcelSheetColumnNumber.h">
      <Filter>头文件</Filter>
    </ClInclude>
    <ClInclude Include="ExcelSheetColumnTitle.h">
      <Filter>头文件</Filter>
    </ClInclude>
    <ClInclude Include="FactorialTrailingZeroes.h">
      <Filter>头文件</Filter>
    </ClInclude>
    <ClInclude Include="HappyNumber.h">
      <Filter>头文件</Filter>
    </ClInclude>
    <ClInclude Include="HouseRobber.h">
      <Filter>头文件</Filter>
    </ClInclude>
    <ClInclude Include="ImplementQueueusingStacks.h">
      <Filter>头文件</Filter>
    </ClInclude>
    <ClInclude Include="ImplementStackusingQueues.h">
      <Filter>头文件</Filter>
    </ClInclude>
    <ClInclude Include="ImplementstrStr.h">
      <Filter>头文件</Filter>
    </ClInclude>
    <ClInclude Include="Integer2Roman.h">
      <Filter>头文件</Filter>
    </ClInclude>
    <ClInclude Include="IntersectionofTwoLinkedLists.h">
      <Filter>头文件</Filter>
    </ClInclude>
    <ClInclude Include="InvertBinaryTree.h">
      <Filter>头文件</Filter>
    </ClInclude>
    <ClInclude Include="IsomorphicStrings.h">
      <Filter>头文件</Filter>
    </ClInclude>
    <ClInclude Include="LeetCode.h">
      <Filter>头文件</Filter>
    </ClInclude>
    <ClInclude Include="LengthofLastWord.h">
      <Filter>头文件</Filter>
    </ClInclude>
    <ClInclude Include="LinkedListCycle.h">
      <Filter>头文件</Filter>
    </ClInclude>
    <ClInclude Include="LongestCommonPrefix.h">
      <Filter>头文件</Filter>
    </ClInclude>
    <ClInclude Include="LowestCommonAncestorofaBinarySearchTree.h">
      <Filter>头文件</Filter>
    </ClInclude>
    <ClInclude Include="MajorityElement.h">
      <Filter>头文件</Filter>
    </ClInclude>
    <ClInclude Include="MaximalSquare.h">
      <Filter>头文件</Filter>
    </ClInclude>
    <ClInclude Include="MaximumDepthofBinaryTree.h">
      <Filter>头文件</Filter>
    </ClInclude>
    <ClInclude Include="MaximumSubarray.h">
      <Filter>头文件</Filter>
    </ClInclude>
    <ClInclude Include="MergeSortedArray.h">
      <Filter>头文件</Filter>
    </ClInclude>
    <ClInclude Include="MergeTwoSortedLists.h">
      <Filter>头文件</Filter>
    </ClInclude>
    <ClInclude Include="MinimumDepthofBinaryTree.h">
      <Filter>头文件</Filter>
    </ClInclude>
    <ClInclude Include="MinimumWindowSubstring.h">
      <Filter>头文件</Filter>
    </ClInclude>
    <ClInclude Include="MinStack.h">
      <Filter>头文件</Filter>
    </ClInclude>
    <ClInclude Include="NQueens.h">
      <Filter>头文件</Filter>
    </ClInclude>
    <ClInclude Include="NQueensII.h">
      <Filter>头文件</Filter>
    </ClInclude>
    <ClInclude Include="Numberof1Bits.h">
      <Filter>头文件</Filter>
    </ClInclude>
    <ClInclude Include="PalindromeLinkedList.h">
      <Filter>头文件</Filter>
    </ClInclude>
    <ClInclude Include="PalindromeNumber.h">
      <Filter>头文件</Filter>
    </ClInclude>
    <ClInclude Include="PascalsTriangle.h">
      <Filter>头文件</Filter>
    </ClInclude>
    <ClInclude Include="PascalTriangleII.h">
      <Filter>头文件</Filter>
    </ClInclude>
    <ClInclude Include="PathSum.h">
      <Filter>头文件</Filter>
    </ClInclude>
    <ClInclude Include="Permutations.h">
      <Filter>头文件</Filter>
    </ClInclude>
    <ClInclude Include="PlusOne.h">
      <Filter>头文件</Filter>
    </ClInclude>
    <ClInclude Include="PopulatingNextRightPointersinEachNode.h">
      <Filter>头文件</Filter>
    </ClInclude>
    <ClInclude Include="PowerofTwo.h">
      <Filter>头文件</Filter>
    </ClInclude>
    <ClInclude Include="ProductofArrayExceptSelf.h">
      <Filter>头文件</Filter>
    </ClInclude>
    <ClInclude Include="RectangleArea.h">
      <Filter>头文件</Filter>
    </ClInclude>
    <ClInclude Include="RemoveDuplicatesfromSortedArray.h">
      <Filter>头文件</Filter>
    </ClInclude>
    <ClInclude Include="RemoveDuplicatesfromSortedList.h">
      <Filter>头文件</Filter>
    </ClInclude>
    <ClInclude Include="RemoveDuplicatesFromSortedListII.h">
      <Filter>头文件</Filter>
    </ClInclude>
    <ClInclude Include="RemoveNthNodeFromEndofList.h">
      <Filter>头文件</Filter>
    </ClInclude>
    <ClInclude Include="ReverseBits.h">
      <Filter>头文件</Filter>
    </ClInclude>
    <ClInclude Include="ReverseInteger.h">
      <Filter>头文件</Filter>
    </ClInclude>
    <ClInclude Include="ReverseLinkedList.h">
      <Filter>头文件</Filter>
    </ClInclude>
    <ClInclude Include="RomantoInteger.h">
      <Filter>头文件</Filter>
    </ClInclude>
    <ClInclude Include="RotateArray.h">
      <Filter>头文件</Filter>
    </ClInclude>
    <ClInclude Include="SameTree.h">
      <Filter>头文件</Filter>
    </ClInclude>
    <ClInclude Include="SearchA2DMatrix.h">
      <Filter>头文件</Filter>
    </ClInclude>
    <ClInclude Include="SearchInsertPosition.h">
      <Filter>头文件</Filter>
    </ClInclude>
    <ClInclude Include="SingleNumber.h">
      <Filter>头文件</Filter>
    </ClInclude>
    <ClInclude Include="SingleNumberII.h">
      <Filter>头文件</Filter>
    </ClInclude>
    <ClInclude Include="SortList.h">
      <Filter>头文件</Filter>
    </ClInclude>
    <ClInclude Include="SpiralMatrixII.h">
      <Filter>头文件</Filter>
    </ClInclude>
    <ClInclude Include="stdafx.h">
      <Filter>头文件</Filter>
    </ClInclude>
    <ClInclude Include="StringtoInteger.h">
      <Filter>头文件</Filter>
    </ClInclude>
    <ClInclude Include="SummaryRanges.h">
      <Filter>头文件</Filter>
    </ClInclude>
    <ClInclude Include="SymmetricTree.h">
      <Filter>头文件</Filter>
    </ClInclude>
    <ClInclude Include="targetver.h">
      <Filter>头文件</Filter>
    </ClInclude>
    <ClInclude Include="UniqueBinarySearchTrees.h">
      <Filter>头文件</Filter>
    </ClInclude>
    <ClInclude Include="ValidAnagram.h">
      <Filter>头文件</Filter>
    </ClInclude>
    <ClInclude Include="ValidPalindrome.h">
      <Filter>头文件</Filter>
    </ClInclude>
    <ClInclude Include="ValidParentheses.h">
      <Filter>头文件</Filter>
    </ClInclude>
    <ClInclude Include="ValidSudoku.h">
      <Filter>头文件</Filter>
    </ClInclude>
    <ClInclude Include="WordBreak.h">
      <Filter>头文件</Filter>
    </ClInclude>
    <ClInclude Include="ZigZagConversion.h">
      <Filter>头文件</Filter>
    </ClInclude>
    <ClInclude Include="ReverseNodesinkGroup.h">
      <Filter>头文件</Filter>
    </ClInclude>
    <ClInclude Include="PartitionList.h">
      <Filter>头文件</Filter>
    </ClInclude>
    <ClInclude Include="ReorderList.h">
      <Filter>头文件</Filter>
    </ClInclude>
    <ClInclude Include="SwapNodesinPairs.h">
      <Filter>头文件</Filter>
    </ClInclude>
    <ClInclude Include="MergekSortedLists.h">
      <Filter>头文件</Filter>
    </ClInclude>
    <ClInclude Include="CopyListwithRandomPointer.h">
      <Filter>头文件</Filter>
    </ClInclude>
    <ClInclude Include="LinkedListCycleII.h">
      <Filter>头文件</Filter>
    </ClInclude>
    <ClInclude Include="RemoveDuplicatesfromSortedArrayII.h">
      <Filter>头文件</Filter>
    </ClInclude>
    <ClInclude Include="ReverseLinkedListII.h">
      <Filter>头文件</Filter>
    </ClInclude>
    <ClInclude Include="RotateList.h">
      <Filter>头文件</Filter>
    </ClInclude>
    <ClInclude Include="AddTwoNumbers.h">
      <Filter>头文件</Filter>
    </ClInclude>
    <ClInclude Include="BinaryTreeRightSideView.h">
      <Filter>头文件</Filter>
    </ClInclude>
    <ClInclude Include="CourseSchedule.h">
      <Filter>头文件</Filter>
    </ClInclude>
    <ClInclude Include="CourseScheduleII.h">
      <Filter>头文件</Filter>
    </ClInclude>
    <ClInclude Include="FlattenBinaryTreetoLinkedList.h">
      <Filter>头文件</Filter>
    </ClInclude>
    <ClInclude Include="GroupAnagrams.h">
      <Filter>头文件</Filter>
    </ClInclude>
    <ClInclude Include="MultiplyStrings.h">
      <Filter>头文件</Filter>
    </ClInclude>
    <ClInclude Include="ReverseWordsinaString.h">
      <Filter>头文件</Filter>
    </ClInclude>
    <ClInclude Include="BinaryTreePaths.h">
      <Filter>头文件</Filter>
    </ClInclude>
    <ClInclude Include="DifferentWaystoAddParentheses.h">
      <Filter>头文件</Filter>
    </ClInclude>
    <ClInclude Include="MissingNumber.h">
      <Filter>头文件</Filter>
    </ClInclude>
    <ClInclude Include="TwoSum.h">
      <Filter>头文件</Filter>
    </ClInclude>
    <ClInclude Include="UglyNumber.h">
      <Filter>头文件</Filter>
    </ClInclude>
    <ClInclude Include="UglyNumberII.h">
      <Filter>头文件</Filter>
    </ClInclude>
    <ClInclude Include="ThreeSum.h" />
    <ClInclude Include="FourSum.h" />
    <ClInclude Include="LongestSubstringWithoutRepeatingCharacters.h" />
    <ClInclude Include="NextPermutation.h" />
    <ClInclude Include="PermutationSequence.h" />
  </ItemGroup>
  <ItemGroup>
    <ResourceCompile Include="LeetCode.rc">
      <Filter>资源文件</Filter>
    </ResourceCompile>
  </ItemGroup>
</Project>